
Microsoft Visual Studio Solution File, Format Version 12.00
# Visual Studio Version 17
VisualStudioVersion = 17.9.34728.123
MinimumVisualStudioVersion = 10.0.40219.1
Project("{9A19103F-16F7-4668-BE54-9A1E7A4F7556}") = "infosystems.task.shellv1", "infosystems.task.shellv1.csproj", "{D061B395-A06A-44F5-9574-F019514F1CC4}"
EndProject
Global
	GlobalSection(SolutionConfigurationPlatforms) = preSolution
		Debug|Any CPU = Debug|Any CPU
		Release|Any CPU = Release|Any CPU
	EndGlobalSection
	GlobalSection(ProjectConfigurationPlatforms) = postSolution
		{D061B395-A06A-44F5-9574-F019514F1CC4}.Debug|Any CPU.ActiveCfg = Debug|Any CPU
		{D061B395-A06A-44F5-9574-F019514F1CC4}.Debug|Any CPU.Build.0 = Debug|Any CPU
		{D061B395-A06A-44F5-9574-F019514F1CC4}.Release|Any CPU.ActiveCfg = Release|Any CPU
		{D061B395-A06A-44F5-9574-F019514F1CC4}.Release|Any CPU.Build.0 = Release|Any CPU
	EndGlobalSection
	GlobalSection(SolutionProperties) = preSolution
		HideSolutionNode = FALSE
	EndGlobalSection
	GlobalSection(ExtensibilityGlobals) = postSolution
		SolutionGuid = {4101CDF1-521A-4E9A-8F24-51C7DB2BE31B}
	EndGlobalSection
EndGlobal
